// !$*UTF8*$!
{
	archiveVersion = 1;
	classes = {
	};
	objectVersion = 46;
	objects = {

/* Begin PBXBuildFile section */
		3D43914B1CE3690E004D6D78 /* DEMO5_VC.m in Sources */ = {isa = PBXBuildFile; fileRef = 3D43914A1CE3690E004D6D78 /* DEMO5_VC.m */; };
		3D4391511CE375D6004D6D78 /* SVHTTPClient.m in Sources */ = {isa = PBXBuildFile; fileRef = 3D43914E1CE375D6004D6D78 /* SVHTTPClient.m */; };
		3D4391521CE375D6004D6D78 /* SVHTTPRequest.m in Sources */ = {isa = PBXBuildFile; fileRef = 3D4391501CE375D6004D6D78 /* SVHTTPRequest.m */; };
		3D43915F1CE3769C004D6D78 /* SVHTTPClient+KnowETao.m in Sources */ = {isa = PBXBuildFile; fileRef = 3D43915A1CE3769C004D6D78 /* SVHTTPClient+KnowETao.m */; };
		3D4391641CE38711004D6D78 /* DEMO6_VC.m in Sources */ = {isa = PBXBuildFile; fileRef = 3D4391631CE38711004D6D78 /* DEMO6_VC.m */; };
		3D89BF3E1CEA07A2009007D5 /* DEMO7_VC.m in Sources */ = {isa = PBXBuildFile; fileRef = 3D89BF3D1CEA07A2009007D5 /* DEMO7_VC.m */; };
		3D89BF411CEA07CE009007D5 /* xx.gif in Resources */ = {isa = PBXBuildFile; fileRef = 3D89BF401CEA07CE009007D5 /* xx.gif */; };
		7CAC7DB3887A8175B87D56B8 /* libPods.a in Frameworks */ = {isa = PBXBuildFile; fileRef = 1BEE035EB6AC474FE7088015 /* libPods.a */; };
		890CF9231E1CFD12005AAD28 /* MKAnnotationView+WebCache.m in Sources */ = {isa = PBXBuildFile; fileRef = 890CF9031E1CFD11005AAD28 /* MKAnnotationView+WebCache.m */; };
		890CF9241E1CFD12005AAD28 /* NSData+ImageContentType.m in Sources */ = {isa = PBXBuildFile; fileRef = 890CF9051E1CFD11005AAD28 /* NSData+ImageContentType.m */; };
		890CF9251E1CFD12005AAD28 /* SDImageCache.m in Sources */ = {isa = PBXBuildFile; fileRef = 890CF9071E1CFD11005AAD28 /* SDImageCache.m */; };
		890CF9261E1CFD12005AAD28 /* SDWebImageCompat.m in Sources */ = {isa = PBXBuildFile; fileRef = 890CF9091E1CFD11005AAD28 /* SDWebImageCompat.m */; };
		890CF9271E1CFD12005AAD28 /* SDWebImageDecoder.m in Sources */ = {isa = PBXBuildFile; fileRef = 890CF90B1E1CFD11005AAD28 /* SDWebImageDecoder.m */; };
		890CF9281E1CFD12005AAD28 /* SDWebImageDownloader.m in Sources */ = {isa = PBXBuildFile; fileRef = 890CF90D1E1CFD11005AAD28 /* SDWebImageDownloader.m */; };
		890CF9291E1CFD12005AAD28 /* SDWebImageDownloaderOperation.m in Sources */ = {isa = PBXBuildFile; fileRef = 890CF90F1E1CFD11005AAD28 /* SDWebImageDownloaderOperation.m */; };
		890CF92A1E1CFD12005AAD28 /* SDWebImageManager.m in Sources */ = {isa = PBXBuildFile; fileRef = 890CF9111E1CFD11005AAD28 /* SDWebImageManager.m */; };
		890CF92B1E1CFD12005AAD28 /* SDWebImagePrefetcher.m in Sources */ = {isa = PBXBuildFile; fileRef = 890CF9141E1CFD12005AAD28 /* SDWebImagePrefetcher.m */; };
		890CF92C1E1CFD12005AAD28 /* UIButton+WebCache.m in Sources */ = {isa = PBXBuildFile; fileRef = 890CF9161E1CFD12005AAD28 /* UIButton+WebCache.m */; };
		890CF92D1E1CFD12005AAD28 /* UIImage+GIF.m in Sources */ = {isa = PBXBuildFile; fileRef = 890CF9181E1CFD12005AAD28 /* UIImage+GIF.m */; };
		890CF92E1E1CFD12005AAD28 /* UIImage+MultiFormat.m in Sources */ = {isa = PBXBuildFile; fileRef = 890CF91A1E1CFD12005AAD28 /* UIImage+MultiFormat.m */; };
		890CF92F1E1CFD12005AAD28 /* UIImage+WebP.m in Sources */ = {isa = PBXBuildFile; fileRef = 890CF91C1E1CFD12005AAD28 /* UIImage+WebP.m */; };
		890CF9301E1CFD12005AAD28 /* UIImageView+HighlightedWebCache.m in Sources */ = {isa = PBXBuildFile; fileRef = 890CF91E1E1CFD12005AAD28 /* UIImageView+HighlightedWebCache.m */; };
		890CF9311E1CFD12005AAD28 /* UIImageView+WebCache.m in Sources */ = {isa = PBXBuildFile; fileRef = 890CF9201E1CFD12005AAD28 /* UIImageView+WebCache.m */; };
		890CF9321E1CFD12005AAD28 /* UIView+WebCacheOperation.m in Sources */ = {isa = PBXBuildFile; fileRef = 890CF9221E1CFD12005AAD28 /* UIView+WebCacheOperation.m */; };
		890CF97E1E1DE27E005AAD28 /* DEMO9_VC.xib in Resources */ = {isa = PBXBuildFile; fileRef = 890CF97D1E1DE27E005AAD28 /* DEMO9_VC.xib */; };
		890CF9821E1DEA77005AAD28 /* NSString+Extend.m in Sources */ = {isa = PBXBuildFile; fileRef = 890CF9811E1DEA77005AAD28 /* NSString+Extend.m */; };
		89B430001D06AC6F0029DEF8 /* DEMO9_VC.m in Sources */ = {isa = PBXBuildFile; fileRef = 89B42FFF1D06AC6F0029DEF8 /* DEMO9_VC.m */; };
		89B430081D06ACEE0029DEF8 /* JVFloatLabeledTextField.m in Sources */ = {isa = PBXBuildFile; fileRef = 89B430031D06ACEE0029DEF8 /* JVFloatLabeledTextField.m */; };
		89B430091D06ACEE0029DEF8 /* JVFloatLabeledTextView.m in Sources */ = {isa = PBXBuildFile; fileRef = 89B430051D06ACEE0029DEF8 /* JVFloatLabeledTextView.m */; };
		89B4300A1D06ACEE0029DEF8 /* NSString+TextDirectionality.m in Sources */ = {isa = PBXBuildFile; fileRef = 89B430071D06ACEE0029DEF8 /* NSString+TextDirectionality.m */; };
		89CC52841CD09A41000DD52A /* main.m in Sources */ = {isa = PBXBuildFile; fileRef = 89CC52831CD09A41000DD52A /* main.m */; };
		89CC52871CD09A41000DD52A /* ETAppDelegate.m in Sources */ = {isa = PBXBuildFile; fileRef = 89CC52861CD09A41000DD52A /* ETAppDelegate.m */; };
		89CC528A1CD09A41000DD52A /* ViewController.m in Sources */ = {isa = PBXBuildFile; fileRef = 89CC52891CD09A41000DD52A /* ViewController.m */; };
		89CC529D1CD09A41000DD52A /* MasonryTests.m in Sources */ = {isa = PBXBuildFile; fileRef = 89CC529C1CD09A41000DD52A /* MasonryTests.m */; };
		89CC52A81CD09A41000DD52A /* MasonryUITests.m in Sources */ = {isa = PBXBuildFile; fileRef = 89CC52A71CD09A41000DD52A /* MasonryUITests.m */; };
		89CC52B61CD09AD4000DD52A /* Images.xcassets in Resources */ = {isa = PBXBuildFile; fileRef = 89CC52B51CD09AD4000DD52A /* Images.xcassets */; };
		89E710A71CE2CBF9003F1C15 /* SVIndefiniteAnimatedView.m in Sources */ = {isa = PBXBuildFile; fileRef = 89E710A01CE2CBF9003F1C15 /* SVIndefiniteAnimatedView.m */; };
		89E710A81CE2CBF9003F1C15 /* SVProgressHUD.bundle in Resources */ = {isa = PBXBuildFile; fileRef = 89E710A21CE2CBF9003F1C15 /* SVProgressHUD.bundle */; };
		89E710A91CE2CBF9003F1C15 /* SVProgressHUD.m in Sources */ = {isa = PBXBuildFile; fileRef = 89E710A41CE2CBF9003F1C15 /* SVProgressHUD.m */; };
		89E710AA1CE2CBF9003F1C15 /* SVRadialGradientLayer.m in Sources */ = {isa = PBXBuildFile; fileRef = 89E710A61CE2CBF9003F1C15 /* SVRadialGradientLayer.m */; };
		89E710AE1CE2DA87003F1C15 /* DEMO1_VC.m in Sources */ = {isa = PBXBuildFile; fileRef = 89E710AD1CE2DA87003F1C15 /* DEMO1_VC.m */; };
		89E710B11CE2DB13003F1C15 /* RootViewController.m in Sources */ = {isa = PBXBuildFile; fileRef = 89E710B01CE2DB13003F1C15 /* RootViewController.m */; };
		89E710B41CE2E2D0003F1C15 /* DEMO2_VC.m in Sources */ = {isa = PBXBuildFile; fileRef = 89E710B31CE2E2D0003F1C15 /* DEMO2_VC.m */; };
		89E710BC1CE31A87003F1C15 /* ETRootNavigationController.m in Sources */ = {isa = PBXBuildFile; fileRef = 89E710B91CE31A87003F1C15 /* ETRootNavigationController.m */; };
		89E710C01CE31ACB003F1C15 /* ETRootViewController.m in Sources */ = {isa = PBXBuildFile; fileRef = 89E710BF1CE31ACB003F1C15 /* ETRootViewController.m */; };
		89E710C51CE32708003F1C15 /* UIColor+Extend.m in Sources */ = {isa = PBXBuildFile; fileRef = 89E710C41CE32708003F1C15 /* UIColor+Extend.m */; };
		89E710C91CE3278C003F1C15 /* UIImage+Color.m in Sources */ = {isa = PBXBuildFile; fileRef = 89E710C81CE3278C003F1C15 /* UIImage+Color.m */; };
		89E710CC1CE329E2003F1C15 /* DEMO3_VC.m in Sources */ = {isa = PBXBuildFile; fileRef = 89E710CB1CE329E2003F1C15 /* DEMO3_VC.m */; };
		89E710CF1CE335B3003F1C15 /* DEMO4_VC.m in Sources */ = {isa = PBXBuildFile; fileRef = 89E710CE1CE335B3003F1C15 /* DEMO4_VC.m */; };
		89E710D31CE33C95003F1C15 /* HMSegmentedControl.m in Sources */ = {isa = PBXBuildFile; fileRef = 89E710D21CE33C95003F1C15 /* HMSegmentedControl.m */; };
/* End PBXBuildFile section */

/* Begin PBXContainerItemProxy section */
		89CC52991CD09A41000DD52A /* PBXContainerItemProxy */ = {
			isa = PBXContainerItemProxy;
			containerPortal = 89CC52771CD09A41000DD52A /* Project object */;
			proxyType = 1;
			remoteGlobalIDString = 89CC527E1CD09A41000DD52A;
			remoteInfo = Masonry;
		};
		89CC52A41CD09A41000DD52A /* PBXContainerItemProxy */ = {
			isa = PBXContainerItemProxy;
			containerPortal = 89CC52771CD09A41000DD52A /* Project object */;
			proxyType = 1;
			remoteGlobalIDString = 89CC527E1CD09A41000DD52A;
			remoteInfo = Masonry;
		};
/* End PBXContainerItemProxy section */

/* Begin PBXFileReference section */
		1BEE035EB6AC474FE7088015 /* libPods.a */ = {isa = PBXFileReference; explicitFileType = archive.ar; includeInIndex = 0; path = libPods.a; sourceTree = BUILT_PRODUCTS_DIR; };
		3D4391491CE3690E004D6D78 /* DEMO5_VC.h */ = {isa = PBXFileReference; fileEncoding = 4; lastKnownFileType = sourcecode.c.h; path = DEMO5_VC.h; sourceTree = "<group>"; };
		3D43914A1CE3690E004D6D78 /* DEMO5_VC.m */ = {isa = PBXFileReference; fileEncoding = 4; lastKnownFileType = sourcecode.c.objc; path = DEMO5_VC.m; sourceTree = "<group>"; };
		3D43914D1CE375D6004D6D78 /* SVHTTPClient.h */ = {isa = PBXFileReference; fileEncoding = 4; lastKnownFileType = sourcecode.c.h; path = SVHTTPClient.h; sourceTree = "<group>"; };
		3D43914E1CE375D6004D6D78 /* SVHTTPClient.m */ = {isa = PBXFileReference; fileEncoding = 4; lastKnownFileType = sourcecode.c.objc; path = SVHTTPClient.m; sourceTree = "<group>"; };
		3D43914F1CE375D6004D6D78 /* SVHTTPRequest.h */ = {isa = PBXFileReference; fileEncoding = 4; lastKnownFileType = sourcecode.c.h; path = SVHTTPRequest.h; sourceTree = "<group>"; };
		3D4391501CE375D6004D6D78 /* SVHTTPRequest.m */ = {isa = PBXFileReference; fileEncoding = 4; lastKnownFileType = sourcecode.c.objc; path = SVHTTPRequest.m; sourceTree = "<group>"; };
		3D4391591CE3769C004D6D78 /* SVHTTPClient+KnowETao.h */ = {isa = PBXFileReference; fileEncoding = 4; lastKnownFileType = sourcecode.c.h; path = "SVHTTPClient+KnowETao.h"; sourceTree = "<group>"; };
		3D43915A1CE3769C004D6D78 /* SVHTTPClient+KnowETao.m */ = {isa = PBXFileReference; fileEncoding = 4; lastKnownFileType = sourcecode.c.objc; path = "SVHTTPClient+KnowETao.m"; sourceTree = "<group>"; };
		3D4391611CE37747004D6D78 /* NetworkMacro.h */ = {isa = PBXFileReference; fileEncoding = 4; lastKnownFileType = sourcecode.c.h; path = NetworkMacro.h; sourceTree = "<group>"; };
		3D4391621CE38711004D6D78 /* DEMO6_VC.h */ = {isa = PBXFileReference; fileEncoding = 4; lastKnownFileType = sourcecode.c.h; path = DEMO6_VC.h; sourceTree = "<group>"; };
		3D4391631CE38711004D6D78 /* DEMO6_VC.m */ = {isa = PBXFileReference; fileEncoding = 4; lastKnownFileType = sourcecode.c.objc; path = DEMO6_VC.m; sourceTree = "<group>"; };
		3D89BF3C1CEA07A1009007D5 /* DEMO7_VC.h */ = {isa = PBXFileReference; fileEncoding = 4; lastKnownFileType = sourcecode.c.h; path = DEMO7_VC.h; sourceTree = "<group>"; };
		3D89BF3D1CEA07A2009007D5 /* DEMO7_VC.m */ = {isa = PBXFileReference; fileEncoding = 4; lastKnownFileType = sourcecode.c.objc; path = DEMO7_VC.m; sourceTree = "<group>"; };
		3D89BF401CEA07CE009007D5 /* xx.gif */ = {isa = PBXFileReference; lastKnownFileType = image.gif; path = xx.gif; sourceTree = "<group>"; };
		8899F9D31B98FC2C4720FC9E /* Pods.debug.xcconfig */ = {isa = PBXFileReference; includeInIndex = 1; lastKnownFileType = text.xcconfig; name = Pods.debug.xcconfig; path = "Pods/Target Support Files/Pods/Pods.debug.xcconfig"; sourceTree = "<group>"; };
		890CF9021E1CFD11005AAD28 /* MKAnnotationView+WebCache.h */ = {isa = PBXFileReference; fileEncoding = 4; lastKnownFileType = sourcecode.c.h; path = "MKAnnotationView+WebCache.h"; sourceTree = "<group>"; };
		890CF9031E1CFD11005AAD28 /* MKAnnotationView+WebCache.m */ = {isa = PBXFileReference; fileEncoding = 4; lastKnownFileType = sourcecode.c.objc; path = "MKAnnotationView+WebCache.m"; sourceTree = "<group>"; };
		890CF9041E1CFD11005AAD28 /* NSData+ImageContentType.h */ = {isa = PBXFileReference; fileEncoding = 4; lastKnownFileType = sourcecode.c.h; path = "NSData+ImageContentType.h"; sourceTree = "<group>"; };
		890CF9051E1CFD11005AAD28 /* NSData+ImageContentType.m */ = {isa = PBXFileReference; fileEncoding = 4; lastKnownFileType = sourcecode.c.objc; path = "NSData+ImageContentType.m"; sourceTree = "<group>"; };
		890CF9061E1CFD11005AAD28 /* SDImageCache.h */ = {isa = PBXFileReference; fileEncoding = 4; lastKnownFileType = sourcecode.c.h; path = SDImageCache.h; sourceTree = "<group>"; };
		890CF9071E1CFD11005AAD28 /* SDImageCache.m */ = {isa = PBXFileReference; fileEncoding = 4; lastKnownFileType = sourcecode.c.objc; path = SDImageCache.m; sourceTree = "<group>"; };
		890CF9081E1CFD11005AAD28 /* SDWebImageCompat.h */ = {isa = PBXFileReference; fileEncoding = 4; lastKnownFileType = sourcecode.c.h; path = SDWebImageCompat.h; sourceTree = "<group>"; };
		890CF9091E1CFD11005AAD28 /* SDWebImageCompat.m */ = {isa = PBXFileReference; fileEncoding = 4; lastKnownFileType = sourcecode.c.objc; path = SDWebImageCompat.m; sourceTree = "<group>"; };
		890CF90A1E1CFD11005AAD28 /* SDWebImageDecoder.h */ = {isa = PBXFileReference; fileEncoding = 4; lastKnownFileType = sourcecode.c.h; path = SDWebImageDecoder.h; sourceTree = "<group>"; };
		890CF90B1E1CFD11005AAD28 /* SDWebImageDecoder.m */ = {isa = PBXFileReference; fileEncoding = 4; lastKnownFileType = sourcecode.c.objc; path = SDWebImageDecoder.m; sourceTree = "<group>"; };
		890CF90C1E1CFD11005AAD28 /* SDWebImageDownloader.h */ = {isa = PBXFileReference; fileEncoding = 4; lastKnownFileType = sourcecode.c.h; path = SDWebImageDownloader.h; sourceTree = "<group>"; };
		890CF90D1E1CFD11005AAD28 /* SDWebImageDownloader.m */ = {isa = PBXFileReference; fileEncoding = 4; lastKnownFileType = sourcecode.c.objc; path = SDWebImageDownloader.m; sourceTree = "<group>"; };
		890CF90E1E1CFD11005AAD28 /* SDWebImageDownloaderOperation.h */ = {isa = PBXFileReference; fileEncoding = 4; lastKnownFileType = sourcecode.c.h; path = SDWebImageDownloaderOperation.h; sourceTree = "<group>"; };
		890CF90F1E1CFD11005AAD28 /* SDWebImageDownloaderOperation.m */ = {isa = PBXFileReference; fileEncoding = 4; lastKnownFileType = sourcecode.c.objc; path = SDWebImageDownloaderOperation.m; sourceTree = "<group>"; };
		890CF9101E1CFD11005AAD28 /* SDWebImageManager.h */ = {isa = PBXFileReference; fileEncoding = 4; lastKnownFileType = sourcecode.c.h; path = SDWebImageManager.h; sourceTree = "<group>"; };
		890CF9111E1CFD11005AAD28 /* SDWebImageManager.m */ = {isa = PBXFileReference; fileEncoding = 4; lastKnownFileType = sourcecode.c.objc; path = SDWebImageManager.m; sourceTree = "<group>"; };
		890CF9121E1CFD11005AAD28 /* SDWebImageOperation.h */ = {isa = PBXFileReference; fileEncoding = 4; lastKnownFileType = sourcecode.c.h; path = SDWebImageOperation.h; sourceTree = "<group>"; };
		890CF9131E1CFD11005AAD28 /* SDWebImagePrefetcher.h */ = {isa = PBXFileReference; fileEncoding = 4; lastKnownFileType = sourcecode.c.h; path = SDWebImagePrefetcher.h; sourceTree = "<group>"; };
		890CF9141E1CFD12005AAD28 /* SDWebImagePrefetcher.m */ = {isa = PBXFileReference; fileEncoding = 4; lastKnownFileType = sourcecode.c.objc; path = SDWebImagePrefetcher.m; sourceTree = "<group>"; };
		890CF9151E1CFD12005AAD28 /* UIButton+WebCache.h */ = {isa = PBXFileReference; fileEncoding = 4; lastKnownFileType = sourcecode.c.h; path = "UIButton+WebCache.h"; sourceTree = "<group>"; };
		890CF9161E1CFD12005AAD28 /* UIButton+WebCache.m */ = {isa = PBXFileReference; fileEncoding = 4; lastKnownFileType = sourcecode.c.objc; path = "UIButton+WebCache.m"; sourceTree = "<group>"; };
		890CF9171E1CFD12005AAD28 /* UIImage+GIF.h */ = {isa = PBXFileReference; fileEncoding = 4; lastKnownFileType = sourcecode.c.h; path = "UIImage+GIF.h"; sourceTree = "<group>"; };
		890CF9181E1CFD12005AAD28 /* UIImage+GIF.m */ = {isa = PBXFileReference; fileEncoding = 4; lastKnownFileType = sourcecode.c.objc; path = "UIImage+GIF.m"; sourceTree = "<group>"; };
		890CF9191E1CFD12005AAD28 /* UIImage+MultiFormat.h */ = {isa = PBXFileReference; fileEncoding = 4; lastKnownFileType = sourcecode.c.h; path = "UIImage+MultiFormat.h"; sourceTree = "<group>"; };
		890CF91A1E1CFD12005AAD28 /* UIImage+MultiFormat.m */ = {isa = PBXFileReference; fileEncoding = 4; lastKnownFileType = sourcecode.c.objc; path = "UIImage+MultiFormat.m"; sourceTree = "<group>"; };
		890CF91B1E1CFD12005AAD28 /* UIImage+WebP.h */ = {isa = PBXFileReference; fileEncoding = 4; lastKnownFileType = sourcecode.c.h; path = "UIImage+WebP.h"; sourceTree = "<group>"; };
		890CF91C1E1CFD12005AAD28 /* UIImage+WebP.m */ = {isa = PBXFileReference; fileEncoding = 4; lastKnownFileType = sourcecode.c.objc; path = "UIImage+WebP.m"; sourceTree = "<group>"; };
		890CF91D1E1CFD12005AAD28 /* UIImageView+HighlightedWebCache.h */ = {isa = PBXFileReference; fileEncoding = 4; lastKnownFileType = sourcecode.c.h; path = "UIImageView+HighlightedWebCache.h"; sourceTree = "<group>"; };
		890CF91E1E1CFD12005AAD28 /* UIImageView+HighlightedWebCache.m */ = {isa = PBXFileReference; fileEncoding = 4; lastKnownFileType = sourcecode.c.objc; path = "UIImageView+HighlightedWebCache.m"; sourceTree = "<group>"; };
		890CF91F1E1CFD12005AAD28 /* UIImageView+WebCache.h */ = {isa = PBXFileReference; fileEncoding = 4; lastKnownFileType = sourcecode.c.h; path = "UIImageView+WebCache.h"; sourceTree = "<group>"; };
		890CF9201E1CFD12005AAD28 /* UIImageView+WebCache.m */ = {isa = PBXFileReference; fileEncoding = 4; lastKnownFileType = sourcecode.c.objc; path = "UIImageView+WebCache.m"; sourceTree = "<group>"; };
		890CF9211E1CFD12005AAD28 /* UIView+WebCacheOperation.h */ = {isa = PBXFileReference; fileEncoding = 4; lastKnownFileType = sourcecode.c.h; path = "UIView+WebCacheOperation.h"; sourceTree = "<group>"; };
		890CF9221E1CFD12005AAD28 /* UIView+WebCacheOperation.m */ = {isa = PBXFileReference; fileEncoding = 4; lastKnownFileType = sourcecode.c.objc; path = "UIView+WebCacheOperation.m"; sourceTree = "<group>"; };
		890CF97D1E1DE27E005AAD28 /* DEMO9_VC.xib */ = {isa = PBXFileReference; fileEncoding = 4; lastKnownFileType = file.xib; path = DEMO9_VC.xib; sourceTree = "<group>"; };
		890CF9801E1DEA77005AAD28 /* NSString+Extend.h */ = {isa = PBXFileReference; fileEncoding = 4; lastKnownFileType = sourcecode.c.h; path = "NSString+Extend.h"; sourceTree = "<group>"; };
		890CF9811E1DEA77005AAD28 /* NSString+Extend.m */ = {isa = PBXFileReference; fileEncoding = 4; lastKnownFileType = sourcecode.c.objc; path = "NSString+Extend.m"; sourceTree = "<group>"; };
		89804D9D1CD43F35005B151E /* PrefixHeader.pch */ = {isa = PBXFileReference; lastKnownFileType = sourcecode.c.h; path = PrefixHeader.pch; sourceTree = "<group>"; };
		89B42FFE1D06AC6F0029DEF8 /* DEMO9_VC.h */ = {isa = PBXFileReference; fileEncoding = 4; lastKnownFileType = sourcecode.c.h; path = DEMO9_VC.h; sourceTree = "<group>"; };
		89B42FFF1D06AC6F0029DEF8 /* DEMO9_VC.m */ = {isa = PBXFileReference; fileEncoding = 4; lastKnownFileType = sourcecode.c.objc; path = DEMO9_VC.m; sourceTree = "<group>"; };
		89B430021D06ACEE0029DEF8 /* JVFloatLabeledTextField.h */ = {isa = PBXFileReference; fileEncoding = 4; lastKnownFileType = sourcecode.c.h; path = JVFloatLabeledTextField.h; sourceTree = "<group>"; };
		89B430031D06ACEE0029DEF8 /* JVFloatLabeledTextField.m */ = {isa = PBXFileReference; fileEncoding = 4; lastKnownFileType = sourcecode.c.objc; path = JVFloatLabeledTextField.m; sourceTree = "<group>"; };
		89B430041D06ACEE0029DEF8 /* JVFloatLabeledTextView.h */ = {isa = PBXFileReference; fileEncoding = 4; lastKnownFileType = sourcecode.c.h; path = JVFloatLabeledTextView.h; sourceTree = "<group>"; };
		89B430051D06ACEE0029DEF8 /* JVFloatLabeledTextView.m */ = {isa = PBXFileReference; fileEncoding = 4; lastKnownFileType = sourcecode.c.objc; path = JVFloatLabeledTextView.m; sourceTree = "<group>"; };
		89B430061D06ACEE0029DEF8 /* NSString+TextDirectionality.h */ = {isa = PBXFileReference; fileEncoding = 4; lastKnownFileType = sourcecode.c.h; path = "NSString+TextDirectionality.h"; sourceTree = "<group>"; };
		89B430071D06ACEE0029DEF8 /* NSString+TextDirectionality.m */ = {isa = PBXFileReference; fileEncoding = 4; lastKnownFileType = sourcecode.c.objc; path = "NSString+TextDirectionality.m"; sourceTree = "<group>"; };
		89CC527F1CD09A41000DD52A /* Masonry.app */ = {isa = PBXFileReference; explicitFileType = wrapper.application; includeInIndex = 0; path = Masonry.app; sourceTree = BUILT_PRODUCTS_DIR; };
		89CC52831CD09A41000DD52A /* main.m */ = {isa = PBXFileReference; lastKnownFileType = sourcecode.c.objc; path = main.m; sourceTree = "<group>"; };
		89CC52851CD09A41000DD52A /* ETAppDelegate.h */ = {isa = PBXFileReference; lastKnownFileType = sourcecode.c.h; path = ETAppDelegate.h; sourceTree = "<group>"; };
		89CC52861CD09A41000DD52A /* ETAppDelegate.m */ = {isa = PBXFileReference; lastKnownFileType = sourcecode.c.objc; path = ETAppDelegate.m; sourceTree = "<group>"; };
		89CC52881CD09A41000DD52A /* ViewController.h */ = {isa = PBXFileReference; lastKnownFileType = sourcecode.c.h; path = ViewController.h; sourceTree = "<group>"; };
		89CC52891CD09A41000DD52A /* ViewController.m */ = {isa = PBXFileReference; lastKnownFileType = sourcecode.c.objc; path = ViewController.m; sourceTree = "<group>"; };
		89CC52931CD09A41000DD52A /* Info.plist */ = {isa = PBXFileReference; lastKnownFileType = text.plist.xml; path = Info.plist; sourceTree = "<group>"; };
		89CC52981CD09A41000DD52A /* MasonryTests.xctest */ = {isa = PBXFileReference; explicitFileType = wrapper.cfbundle; includeInIndex = 0; path = MasonryTests.xctest; sourceTree = BUILT_PRODUCTS_DIR; };
		89CC529C1CD09A41000DD52A /* MasonryTests.m */ = {isa = PBXFileReference; lastKnownFileType = sourcecode.c.objc; path = MasonryTests.m; sourceTree = "<group>"; };
		89CC529E1CD09A41000DD52A /* Info.plist */ = {isa = PBXFileReference; lastKnownFileType = text.plist.xml; path = Info.plist; sourceTree = "<group>"; };
		89CC52A31CD09A41000DD52A /* MasonryUITests.xctest */ = {isa = PBXFileReference; explicitFileType = wrapper.cfbundle; includeInIndex = 0; path = MasonryUITests.xctest; sourceTree = BUILT_PRODUCTS_DIR; };
		89CC52A71CD09A41000DD52A /* MasonryUITests.m */ = {isa = PBXFileReference; lastKnownFileType = sourcecode.c.objc; path = MasonryUITests.m; sourceTree = "<group>"; };
		89CC52A91CD09A41000DD52A /* Info.plist */ = {isa = PBXFileReference; lastKnownFileType = text.plist.xml; path = Info.plist; sourceTree = "<group>"; };
		89CC52B51CD09AD4000DD52A /* Images.xcassets */ = {isa = PBXFileReference; lastKnownFileType = folder.assetcatalog; path = Images.xcassets; sourceTree = "<group>"; };
		89E7105C1CE2C379003F1C15 /* CoreConst.h */ = {isa = PBXFileReference; fileEncoding = 4; lastKnownFileType = sourcecode.c.h; path = CoreConst.h; sourceTree = "<group>"; };
		89E7105D1CE2C379003F1C15 /* Singleton.h */ = {isa = PBXFileReference; fileEncoding = 4; lastKnownFileType = sourcecode.c.h; path = Singleton.h; sourceTree = "<group>"; };
		89E7109F1CE2CBF9003F1C15 /* SVIndefiniteAnimatedView.h */ = {isa = PBXFileReference; fileEncoding = 4; lastKnownFileType = sourcecode.c.h; path = SVIndefiniteAnimatedView.h; sourceTree = "<group>"; };
		89E710A01CE2CBF9003F1C15 /* SVIndefiniteAnimatedView.m */ = {isa = PBXFileReference; fileEncoding = 4; lastKnownFileType = sourcecode.c.objc; path = SVIndefiniteAnimatedView.m; sourceTree = "<group>"; };
		89E710A11CE2CBF9003F1C15 /* SVProgressHUD-Prefix.pch */ = {isa = PBXFileReference; fileEncoding = 4; lastKnownFileType = sourcecode.c.h; path = "SVProgressHUD-Prefix.pch"; sourceTree = "<group>"; };
		89E710A21CE2CBF9003F1C15 /* SVProgressHUD.bundle */ = {isa = PBXFileReference; lastKnownFileType = "wrapper.plug-in"; path = SVProgressHUD.bundle; sourceTree = "<group>"; };
		89E710A31CE2CBF9003F1C15 /* SVProgressHUD.h */ = {isa = PBXFileReference; fileEncoding = 4; lastKnownFileType = sourcecode.c.h; path = SVProgressHUD.h; sourceTree = "<group>"; };
		89E710A41CE2CBF9003F1C15 /* SVProgressHUD.m */ = {isa = PBXFileReference; fileEncoding = 4; lastKnownFileType = sourcecode.c.objc; path = SVProgressHUD.m; sourceTree = "<group>"; };
		89E710A51CE2CBF9003F1C15 /* SVRadialGradientLayer.h */ = {isa = PBXFileReference; fileEncoding = 4; lastKnownFileType = sourcecode.c.h; path = SVRadialGradientLayer.h; sourceTree = "<group>"; };
		89E710A61CE2CBF9003F1C15 /* SVRadialGradientLayer.m */ = {isa = PBXFileReference; fileEncoding = 4; lastKnownFileType = sourcecode.c.objc; path = SVRadialGradientLayer.m; sourceTree = "<group>"; };
		89E710AC1CE2DA87003F1C15 /* DEMO1_VC.h */ = {isa = PBXFileReference; fileEncoding = 4; lastKnownFileType = sourcecode.c.h; path = DEMO1_VC.h; sourceTree = "<group>"; };
		89E710AD1CE2DA87003F1C15 /* DEMO1_VC.m */ = {isa = PBXFileReference; fileEncoding = 4; lastKnownFileType = sourcecode.c.objc; path = DEMO1_VC.m; sourceTree = "<group>"; };
		89E710AF1CE2DB13003F1C15 /* RootViewController.h */ = {isa = PBXFileReference; fileEncoding = 4; lastKnownFileType = sourcecode.c.h; path = RootViewController.h; sourceTree = "<group>"; };
		89E710B01CE2DB13003F1C15 /* RootViewController.m */ = {isa = PBXFileReference; fileEncoding = 4; lastKnownFileType = sourcecode.c.objc; path = RootViewController.m; sourceTree = "<group>"; };
		89E710B21CE2E2D0003F1C15 /* DEMO2_VC.h */ = {isa = PBXFileReference; fileEncoding = 4; lastKnownFileType = sourcecode.c.h; path = DEMO2_VC.h; sourceTree = "<group>"; };
		89E710B31CE2E2D0003F1C15 /* DEMO2_VC.m */ = {isa = PBXFileReference; fileEncoding = 4; lastKnownFileType = sourcecode.c.objc; path = DEMO2_VC.m; sourceTree = "<group>"; };
		89E710B81CE31A87003F1C15 /* ETRootNavigationController.h */ = {isa = PBXFileReference; fileEncoding = 4; lastKnownFileType = sourcecode.c.h; path = ETRootNavigationController.h; sourceTree = "<group>"; };
		89E710B91CE31A87003F1C15 /* ETRootNavigationController.m */ = {isa = PBXFileReference; fileEncoding = 4; lastKnownFileType = sourcecode.c.objc; path = ETRootNavigationController.m; sourceTree = "<group>"; };
		89E710BE1CE31ACB003F1C15 /* ETRootViewController.h */ = {isa = PBXFileReference; fileEncoding = 4; lastKnownFileType = sourcecode.c.h; path = ETRootViewController.h; sourceTree = "<group>"; };
		89E710BF1CE31ACB003F1C15 /* ETRootViewController.m */ = {isa = PBXFileReference; fileEncoding = 4; lastKnownFileType = sourcecode.c.objc; path = ETRootViewController.m; sourceTree = "<group>"; };
		89E710C31CE32708003F1C15 /* UIColor+Extend.h */ = {isa = PBXFileReference; fileEncoding = 4; lastKnownFileType = sourcecode.c.h; path = "UIColor+Extend.h"; sourceTree = "<group>"; };
		89E710C41CE32708003F1C15 /* UIColor+Extend.m */ = {isa = PBXFileReference; fileEncoding = 4; lastKnownFileType = sourcecode.c.objc; path = "UIColor+Extend.m"; sourceTree = "<group>"; };
		89E710C71CE3278C003F1C15 /* UIImage+Color.h */ = {isa = PBXFileReference; fileEncoding = 4; lastKnownFileType = sourcecode.c.h; path = "UIImage+Color.h"; sourceTree = "<group>"; };
		89E710C81CE3278C003F1C15 /* UIImage+Color.m */ = {isa = PBXFileReference; fileEncoding = 4; lastKnownFileType = sourcecode.c.objc; path = "UIImage+Color.m"; sourceTree = "<group>"; };
		89E710CA1CE329E2003F1C15 /* DEMO3_VC.h */ = {isa = PBXFileReference; fileEncoding = 4; lastKnownFileType = sourcecode.c.h; path = DEMO3_VC.h; sourceTree = "<group>"; };
		89E710CB1CE329E2003F1C15 /* DEMO3_VC.m */ = {isa = PBXFileReference; fileEncoding = 4; lastKnownFileType = sourcecode.c.objc; path = DEMO3_VC.m; sourceTree = "<group>"; };
		89E710CD1CE335B3003F1C15 /* DEMO4_VC.h */ = {isa = PBXFileReference; fileEncoding = 4; lastKnownFileType = sourcecode.c.h; path = DEMO4_VC.h; sourceTree = "<group>"; };
		89E710CE1CE335B3003F1C15 /* DEMO4_VC.m */ = {isa = PBXFileReference; fileEncoding = 4; lastKnownFileType = sourcecode.c.objc; path = DEMO4_VC.m; sourceTree = "<group>"; };
		89E710D11CE33C95003F1C15 /* HMSegmentedControl.h */ = {isa = PBXFileReference; fileEncoding = 4; lastKnownFileType = sourcecode.c.h; path = HMSegmentedControl.h; sourceTree = "<group>"; };
		89E710D21CE33C95003F1C15 /* HMSegmentedControl.m */ = {isa = PBXFileReference; fileEncoding = 4; lastKnownFileType = sourcecode.c.objc; path = HMSegmentedControl.m; sourceTree = "<group>"; };
		AF50BCCD7803BC16DD493402 /* Pods.release.xcconfig */ = {isa = PBXFileReference; includeInIndex = 1; lastKnownFileType = text.xcconfig; name = Pods.release.xcconfig; path = "Pods/Target Support Files/Pods/Pods.release.xcconfig"; sourceTree = "<group>"; };
/* End PBXFileReference section */

/* Begin PBXFrameworksBuildPhase section */
		89CC527C1CD09A41000DD52A /* Frameworks */ = {
			isa = PBXFrameworksBuildPhase;
			buildActionMask = 2147483647;
			files = (
				7CAC7DB3887A8175B87D56B8 /* libPods.a in Frameworks */,
			);
			runOnlyForDeploymentPostprocessing = 0;
		};
		89CC52951CD09A41000DD52A /* Frameworks */ = {
			isa = PBXFrameworksBuildPhase;
			buildActionMask = 2147483647;
			files = (
			);
			runOnlyForDeploymentPostprocessing = 0;
		};
		89CC52A01CD09A41000DD52A /* Frameworks */ = {
			isa = PBXFrameworksBuildPhase;
			buildActionMask = 2147483647;
			files = (
			);
			runOnlyForDeploymentPostprocessing = 0;
		};
/* End PBXFrameworksBuildPhase section */

/* Begin PBXGroup section */
		3D43914C1CE375D6004D6D78 /* SVHTTPRequest */ = {
			isa = PBXGroup;
			children = (
				3D43914D1CE375D6004D6D78 /* SVHTTPClient.h */,
				3D43914E1CE375D6004D6D78 /* SVHTTPClient.m */,
				3D43914F1CE375D6004D6D78 /* SVHTTPRequest.h */,
				3D4391501CE375D6004D6D78 /* SVHTTPRequest.m */,
			);
			path = SVHTTPRequest;
			sourceTree = "<group>";
		};
		3D4391531CE3769C004D6D78 /* Network-Category(网络全局分类) */ = {
			isa = PBXGroup;
			children = (
				3D4391541CE3769C004D6D78 /* 登录注册 */,
			);
			path = "Network-Category(网络全局分类)";
			sourceTree = "<group>";
		};
		3D4391541CE3769C004D6D78 /* 登录注册 */ = {
			isa = PBXGroup;
			children = (
				3D4391591CE3769C004D6D78 /* SVHTTPClient+KnowETao.h */,
				3D43915A1CE3769C004D6D78 /* SVHTTPClient+KnowETao.m */,
			);
			path = "登录注册";
			sourceTree = "<group>";
		};
		3D8523FB0FD368C8839DABA0 /* Frameworks */ = {
			isa = PBXGroup;
			children = (
				1BEE035EB6AC474FE7088015 /* libPods.a */,
			);
			name = Frameworks;
			sourceTree = "<group>";
		};
		3D89BF3F1CEA07CE009007D5 /* img */ = {
			isa = PBXGroup;
			children = (
				3D89BF401CEA07CE009007D5 /* xx.gif */,
			);
			path = img;
			sourceTree = "<group>";
		};
		890CF8BF1E1CFA35005AAD28 /* 第三方 */ = {
			isa = PBXGroup;
			children = (
				890CF9011E1CFD11005AAD28 /* SDWebImage */,
			);
			path = "第三方";
			sourceTree = "<group>";
		};
		890CF9011E1CFD11005AAD28 /* SDWebImage */ = {
			isa = PBXGroup;
			children = (
				890CF9021E1CFD11005AAD28 /* MKAnnotationView+WebCache.h */,
				890CF9031E1CFD11005AAD28 /* MKAnnotationView+WebCache.m */,
				890CF9041E1CFD11005AAD28 /* NSData+ImageContentType.h */,
				890CF9051E1CFD11005AAD28 /* NSData+ImageContentType.m */,
				890CF9061E1CFD11005AAD28 /* SDImageCache.h */,
				890CF9071E1CFD11005AAD28 /* SDImageCache.m */,
				890CF9081E1CFD11005AAD28 /* SDWebImageCompat.h */,
				890CF9091E1CFD11005AAD28 /* SDWebImageCompat.m */,
				890CF90A1E1CFD11005AAD28 /* SDWebImageDecoder.h */,
				890CF90B1E1CFD11005AAD28 /* SDWebImageDecoder.m */,
				890CF90C1E1CFD11005AAD28 /* SDWebImageDownloader.h */,
				890CF90D1E1CFD11005AAD28 /* SDWebImageDownloader.m */,
				890CF90E1E1CFD11005AAD28 /* SDWebImageDownloaderOperation.h */,
				890CF90F1E1CFD11005AAD28 /* SDWebImageDownloaderOperation.m */,
				890CF9101E1CFD11005AAD28 /* SDWebImageManager.h */,
				890CF9111E1CFD11005AAD28 /* SDWebImageManager.m */,
				890CF9121E1CFD11005AAD28 /* SDWebImageOperation.h */,
				890CF9131E1CFD11005AAD28 /* SDWebImagePrefetcher.h */,
				890CF9141E1CFD12005AAD28 /* SDWebImagePrefetcher.m */,
				890CF9151E1CFD12005AAD28 /* UIButton+WebCache.h */,
				890CF9161E1CFD12005AAD28 /* UIButton+WebCache.m */,
				890CF9171E1CFD12005AAD28 /* UIImage+GIF.h */,
				890CF9181E1CFD12005AAD28 /* UIImage+GIF.m */,
				890CF9191E1CFD12005AAD28 /* UIImage+MultiFormat.h */,
				890CF91A1E1CFD12005AAD28 /* UIImage+MultiFormat.m */,
				890CF91B1E1CFD12005AAD28 /* UIImage+WebP.h */,
				890CF91C1E1CFD12005AAD28 /* UIImage+WebP.m */,
				890CF91D1E1CFD12005AAD28 /* UIImageView+HighlightedWebCache.h */,
				890CF91E1E1CFD12005AAD28 /* UIImageView+HighlightedWebCache.m */,
				890CF91F1E1CFD12005AAD28 /* UIImageView+WebCache.h */,
				890CF9201E1CFD12005AAD28 /* UIImageView+WebCache.m */,
				890CF9211E1CFD12005AAD28 /* UIView+WebCacheOperation.h */,
				890CF9221E1CFD12005AAD28 /* UIView+WebCacheOperation.m */,
			);
			path = SDWebImage;
			sourceTree = "<group>";
		};
		890CF97F1E1DEA77005AAD28 /* NSString */ = {
			isa = PBXGroup;
			children = (
				890CF9801E1DEA77005AAD28 /* NSString+Extend.h */,
				890CF9811E1DEA77005AAD28 /* NSString+Extend.m */,
			);
			path = NSString;
			sourceTree = "<group>";
		};
		89B430011D06ACEE0029DEF8 /* JVFloatLabeledTextField */ = {
			isa = PBXGroup;
			children = (
				89B430021D06ACEE0029DEF8 /* JVFloatLabeledTextField.h */,
				89B430031D06ACEE0029DEF8 /* JVFloatLabeledTextField.m */,
				89B430041D06ACEE0029DEF8 /* JVFloatLabeledTextView.h */,
				89B430051D06ACEE0029DEF8 /* JVFloatLabeledTextView.m */,
				89B430061D06ACEE0029DEF8 /* NSString+TextDirectionality.h */,
				89B430071D06ACEE0029DEF8 /* NSString+TextDirectionality.m */,
			);
			path = JVFloatLabeledTextField;
			sourceTree = "<group>";
		};
		89CC52761CD09A41000DD52A = {
			isa = PBXGroup;
			children = (
				89CC52811CD09A41000DD52A /* Masonry */,
				89CC529B1CD09A41000DD52A /* MasonryTests */,
				89CC52A61CD09A41000DD52A /* MasonryUITests */,
				89CC52801CD09A41000DD52A /* Products */,
				CC163C7DA289AF36AE76F342 /* Pods */,
				3D8523FB0FD368C8839DABA0 /* Frameworks */,
			);
			sourceTree = "<group>";
		};
		89CC52801CD09A41000DD52A /* Products */ = {
			isa = PBXGroup;
			children = (
				89CC527F1CD09A41000DD52A /* Masonry.app */,
				89CC52981CD09A41000DD52A /* MasonryTests.xctest */,
				89CC52A31CD09A41000DD52A /* MasonryUITests.xctest */,
			);
			name = Products;
			sourceTree = "<group>";
		};
		89CC52811CD09A41000DD52A /* Masonry */ = {
			isa = PBXGroup;
			children = (
				89CC52851CD09A41000DD52A /* ETAppDelegate.h */,
				89CC52861CD09A41000DD52A /* ETAppDelegate.m */,
				89CC52881CD09A41000DD52A /* ViewController.h */,
				89CC52891CD09A41000DD52A /* ViewController.m */,
				89E710B51CE31A87003F1C15 /* 其他 */,
				89E710AB1CE2DA68003F1C15 /* Controller */,
				89E710591CE2C0FF003F1C15 /* Expand(拓展) */,
				89CC52821CD09A41000DD52A /* Supporting Files */,
			);
			path = Masonry;
			sourceTree = "<group>";
		};
		89CC52821CD09A41000DD52A /* Supporting Files */ = {
			isa = PBXGroup;
			children = (
				3D89BF3F1CEA07CE009007D5 /* img */,
				89CC52B51CD09AD4000DD52A /* Images.xcassets */,
				89CC52931CD09A41000DD52A /* Info.plist */,
				89CC52831CD09A41000DD52A /* main.m */,
				89804D9D1CD43F35005B151E /* PrefixHeader.pch */,
			);
			name = "Supporting Files";
			sourceTree = "<group>";
		};
		89CC529B1CD09A41000DD52A /* MasonryTests */ = {
			isa = PBXGroup;
			children = (
				89CC529C1CD09A41000DD52A /* MasonryTests.m */,
				89CC529E1CD09A41000DD52A /* Info.plist */,
			);
			path = MasonryTests;
			sourceTree = "<group>";
		};
		89CC52A61CD09A41000DD52A /* MasonryUITests */ = {
			isa = PBXGroup;
			children = (
				89CC52A71CD09A41000DD52A /* MasonryUITests.m */,
				89CC52A91CD09A41000DD52A /* Info.plist */,
			);
			path = MasonryUITests;
			sourceTree = "<group>";
		};
		89E710591CE2C0FF003F1C15 /* Expand(拓展) */ = {
			isa = PBXGroup;
			children = (
				3D4391531CE3769C004D6D78 /* Network-Category(网络全局分类) */,
				89E710C11CE32708003F1C15 /* Category(分类) */,
				89E7109D1CE2CBF9003F1C15 /* thirdParty(第三方) */,
				89E7105A1CE2C0FF003F1C15 /* Const(常量) */,
				89E7105B1CE2C0FF003F1C15 /* Macros(宏定义) */,
			);
			path = "Expand(拓展)";
			sourceTree = "<group>";
		};
		89E7105A1CE2C0FF003F1C15 /* Const(常量) */ = {
			isa = PBXGroup;
			children = (
				89E7105C1CE2C379003F1C15 /* CoreConst.h */,
				89E7105D1CE2C379003F1C15 /* Singleton.h */,
			);
			path = "Const(常量)";
			sourceTree = "<group>";
		};
		89E7105B1CE2C0FF003F1C15 /* Macros(宏定义) */ = {
			isa = PBXGroup;
			children = (
				3D4391611CE37747004D6D78 /* NetworkMacro.h */,
			);
			path = "Macros(宏定义)";
			sourceTree = "<group>";
		};
		89E7109D1CE2CBF9003F1C15 /* thirdParty(第三方) */ = {
			isa = PBXGroup;
			children = (
				89B430011D06ACEE0029DEF8 /* JVFloatLabeledTextField */,
				3D43914C1CE375D6004D6D78 /* SVHTTPRequest */,
				89E710D01CE33C95003F1C15 /* HMSegmentedControl */,
				89E7109E1CE2CBF9003F1C15 /* SVProgressHUD */,
			);
			path = "thirdParty(第三方)";
			sourceTree = "<group>";
		};
		89E7109E1CE2CBF9003F1C15 /* SVProgressHUD */ = {
			isa = PBXGroup;
			children = (
				89E7109F1CE2CBF9003F1C15 /* SVIndefiniteAnimatedView.h */,
				89E710A01CE2CBF9003F1C15 /* SVIndefiniteAnimatedView.m */,
				89E710A11CE2CBF9003F1C15 /* SVProgressHUD-Prefix.pch */,
				89E710A21CE2CBF9003F1C15 /* SVProgressHUD.bundle */,
				89E710A31CE2CBF9003F1C15 /* SVProgressHUD.h */,
				89E710A41CE2CBF9003F1C15 /* SVProgressHUD.m */,
				89E710A51CE2CBF9003F1C15 /* SVRadialGradientLayer.h */,
				89E710A61CE2CBF9003F1C15 /* SVRadialGradientLayer.m */,
			);
			path = SVProgressHUD;
			sourceTree = "<group>";
		};
		89E710AB1CE2DA68003F1C15 /* Controller */ = {
			isa = PBXGroup;
			children = (
				89E710AF1CE2DB13003F1C15 /* RootViewController.h */,
				89E710B01CE2DB13003F1C15 /* RootViewController.m */,
				89E710AC1CE2DA87003F1C15 /* DEMO1_VC.h */,
				89E710AD1CE2DA87003F1C15 /* DEMO1_VC.m */,
				89E710B21CE2E2D0003F1C15 /* DEMO2_VC.h */,
				89E710B31CE2E2D0003F1C15 /* DEMO2_VC.m */,
				89E710CA1CE329E2003F1C15 /* DEMO3_VC.h */,
				89E710CB1CE329E2003F1C15 /* DEMO3_VC.m */,
				89E710CD1CE335B3003F1C15 /* DEMO4_VC.h */,
				89E710CE1CE335B3003F1C15 /* DEMO4_VC.m */,
				3D4391491CE3690E004D6D78 /* DEMO5_VC.h */,
				3D43914A1CE3690E004D6D78 /* DEMO5_VC.m */,
				3D4391621CE38711004D6D78 /* DEMO6_VC.h */,
				3D4391631CE38711004D6D78 /* DEMO6_VC.m */,
				3D89BF3C1CEA07A1009007D5 /* DEMO7_VC.h */,
				3D89BF3D1CEA07A2009007D5 /* DEMO7_VC.m */,
				89B42FFE1D06AC6F0029DEF8 /* DEMO9_VC.h */,
				89B42FFF1D06AC6F0029DEF8 /* DEMO9_VC.m */,
				890CF97D1E1DE27E005AAD28 /* DEMO9_VC.xib */,
			);
			path = Controller;
			sourceTree = "<group>";
		};
		89E710B51CE31A87003F1C15 /* 其他 */ = {
			isa = PBXGroup;
			children = (
				890CF8BF1E1CFA35005AAD28 /* 第三方 */,
				89E710B61CE31A87003F1C15 /* Controller */,
			);
			path = "其他";
			sourceTree = "<group>";
		};
		89E710B61CE31A87003F1C15 /* Controller */ = {
			isa = PBXGroup;
			children = (
				89E710B71CE31A87003F1C15 /* BaseClass(主类) */,
			);
			path = Controller;
			sourceTree = "<group>";
		};
		89E710B71CE31A87003F1C15 /* BaseClass(主类) */ = {
			isa = PBXGroup;
			children = (
				89E710BE1CE31ACB003F1C15 /* ETRootViewController.h */,
				89E710BF1CE31ACB003F1C15 /* ETRootViewController.m */,
				89E710B81CE31A87003F1C15 /* ETRootNavigationController.h */,
				89E710B91CE31A87003F1C15 /* ETRootNavigationController.m */,
			);
			path = "BaseClass(主类)";
			sourceTree = "<group>";
		};
		89E710C11CE32708003F1C15 /* Category(分类) */ = {
			isa = PBXGroup;
			children = (
				890CF97F1E1DEA77005AAD28 /* NSString */,
				89E710C61CE3278C003F1C15 /* UIImage */,
				89E710C21CE32708003F1C15 /* UIColor */,
			);
			path = "Category(分类)";
			sourceTree = "<group>";
		};
		89E710C21CE32708003F1C15 /* UIColor */ = {
			isa = PBXGroup;
			children = (
				89E710C31CE32708003F1C15 /* UIColor+Extend.h */,
				89E710C41CE32708003F1C15 /* UIColor+Extend.m */,
			);
			path = UIColor;
			sourceTree = "<group>";
		};
		89E710C61CE3278C003F1C15 /* UIImage */ = {
			isa = PBXGroup;
			children = (
				89E710C71CE3278C003F1C15 /* UIImage+Color.h */,
				89E710C81CE3278C003F1C15 /* UIImage+Color.m */,
			);
			path = UIImage;
			sourceTree = "<group>";
		};
		89E710D01CE33C95003F1C15 /* HMSegmentedControl */ = {
			isa = PBXGroup;
			children = (
				89E710D11CE33C95003F1C15 /* HMSegmentedControl.h */,
				89E710D21CE33C95003F1C15 /* HMSegmentedControl.m */,
			);
			path = HMSegmentedControl;
			sourceTree = "<group>";
		};
		CC163C7DA289AF36AE76F342 /* Pods */ = {
			isa = PBXGroup;
			children = (
				8899F9D31B98FC2C4720FC9E /* Pods.debug.xcconfig */,
				AF50BCCD7803BC16DD493402 /* Pods.release.xcconfig */,
			);
			name = Pods;
			sourceTree = "<group>";
		};
/* End PBXGroup section */

/* Begin PBXNativeTarget section */
		89CC527E1CD09A41000DD52A /* Masonry */ = {
			isa = PBXNativeTarget;
			buildConfigurationList = 89CC52AC1CD09A41000DD52A /* Build configuration list for PBXNativeTarget "Masonry" */;
			buildPhases = (
				F192585F7A990E6A84C693D1 /* Check Pods Manifest.lock */,
				89CC527B1CD09A41000DD52A /* Sources */,
				89CC527C1CD09A41000DD52A /* Frameworks */,
				89CC527D1CD09A41000DD52A /* Resources */,
				1B84FA7C0179F42452D04784 /* Embed Pods Frameworks */,
				FD72698BD52E36CC875E1362 /* Copy Pods Resources */,
			);
			buildRules = (
			);
			dependencies = (
			);
			name = Masonry;
			productName = Masonry;
			productReference = 89CC527F1CD09A41000DD52A /* Masonry.app */;
			productType = "com.apple.product-type.application";
		};
		89CC52971CD09A41000DD52A /* MasonryTests */ = {
			isa = PBXNativeTarget;
			buildConfigurationList = 89CC52AF1CD09A41000DD52A /* Build configuration list for PBXNativeTarget "MasonryTests" */;
			buildPhases = (
				89CC52941CD09A41000DD52A /* Sources */,
				89CC52951CD09A41000DD52A /* Frameworks */,
				89CC52961CD09A41000DD52A /* Resources */,
			);
			buildRules = (
			);
			dependencies = (
				89CC529A1CD09A41000DD52A /* PBXTargetDependency */,
			);
			name = MasonryTests;
			productName = MasonryTests;
			productReference = 89CC52981CD09A41000DD52A /* MasonryTests.xctest */;
			productType = "com.apple.product-type.bundle.unit-test";
		};
		89CC52A21CD09A41000DD52A /* MasonryUITests */ = {
			isa = PBXNativeTarget;
			buildConfigurationList = 89CC52B21CD09A41000DD52A /* Build configuration list for PBXNativeTarget "MasonryUITests" */;
			buildPhases = (
				89CC529F1CD09A41000DD52A /* Sources */,
				89CC52A01CD09A41000DD52A /* Frameworks */,
				89CC52A11CD09A41000DD52A /* Resources */,
			);
			buildRules = (
			);
			dependencies = (
				89CC52A51CD09A41000DD52A /* PBXTargetDependency */,
			);
			name = MasonryUITests;
			productName = MasonryUITests;
			productReference = 89CC52A31CD09A41000DD52A /* MasonryUITests.xctest */;
			productType = "com.apple.product-type.bundle.ui-testing";
		};
/* End PBXNativeTarget section */

/* Begin PBXProject section */
		89CC52771CD09A41000DD52A /* Project object */ = {
			isa = PBXProject;
			attributes = {
				LastUpgradeCheck = 0710;
				ORGANIZATIONNAME = AVGD;
				TargetAttributes = {
					89CC527E1CD09A41000DD52A = {
						CreatedOnToolsVersion = 7.1;
						DevelopmentTeam = 8M77B7H24C;
					};
					89CC52971CD09A41000DD52A = {
						CreatedOnToolsVersion = 7.1;
						TestTargetID = 89CC527E1CD09A41000DD52A;
					};
					89CC52A21CD09A41000DD52A = {
						CreatedOnToolsVersion = 7.1;
						TestTargetID = 89CC527E1CD09A41000DD52A;
					};
				};
			};
			buildConfigurationList = 89CC527A1CD09A41000DD52A /* Build configuration list for PBXProject "Masonry" */;
			compatibilityVersion = "Xcode 3.2";
			developmentRegion = English;
			hasScannedForEncodings = 0;
			knownRegions = (
				en,
				Base,
			);
			mainGroup = 89CC52761CD09A41000DD52A;
			productRefGroup = 89CC52801CD09A41000DD52A /* Products */;
			projectDirPath = "";
			projectRoot = "";
			targets = (
				89CC527E1CD09A41000DD52A /* Masonry */,
				89CC52971CD09A41000DD52A /* MasonryTests */,
				89CC52A21CD09A41000DD52A /* MasonryUITests */,
			);
		};
/* End PBXProject section */

/* Begin PBXResourcesBuildPhase section */
		89CC527D1CD09A41000DD52A /* Resources */ = {
			isa = PBXResourcesBuildPhase;
			buildActionMask = 2147483647;
			files = (
				3D89BF411CEA07CE009007D5 /* xx.gif in Resources */,
				89CC52B61CD09AD4000DD52A /* Images.xcassets in Resources */,
				89E710A81CE2CBF9003F1C15 /* SVProgressHUD.bundle in Resources */,
				890CF97E1E1DE27E005AAD28 /* DEMO9_VC.xib in Resources */,
			);
			runOnlyForDeploymentPostprocessing = 0;
		};
		89CC52961CD09A41000DD52A /* Resources */ = {
			isa = PBXResourcesBuildPhase;
			buildActionMask = 2147483647;
			files = (
			);
			runOnlyForDeploymentPostprocessing = 0;
		};
		89CC52A11CD09A41000DD52A /* Resources */ = {
			isa = PBXResourcesBuildPhase;
			buildActionMask = 2147483647;
			files = (
			);
			runOnlyForDeploymentPostprocessing = 0;
		};
/* End PBXResourcesBuildPhase section */

/* Begin PBXShellScriptBuildPhase section */
		1B84FA7C0179F42452D04784 /* Embed Pods Frameworks */ = {
			isa = PBXShellScriptBuildPhase;
			buildActionMask = 2147483647;
			files = (
			);
			inputPaths = (
			);
			name = "Embed Pods Frameworks";
			outputPaths = (
			);
			runOnlyForDeploymentPostprocessing = 0;
			shellPath = /bin/sh;
			shellScript = "\"${SRCROOT}/Pods/Target Support Files/Pods/Pods-frameworks.sh\"\n";
			showEnvVarsInLog = 0;
		};
		F192585F7A990E6A84C693D1 /* Check Pods Manifest.lock */ = {
			isa = PBXShellScriptBuildPhase;
			buildActionMask = 2147483647;
			files = (
			);
			inputPaths = (
			);
			name = "Check Pods Manifest.lock";
			outputPaths = (
			);
			runOnlyForDeploymentPostprocessing = 0;
			shellPath = /bin/sh;
			shellScript = "diff \"${PODS_ROOT}/../Podfile.lock\" \"${PODS_ROOT}/Manifest.lock\" > /dev/null\nif [[ $? != 0 ]] ; then\n    cat << EOM\nerror: The sandbox is not in sync with the Podfile.lock. Run 'pod install' or update your CocoaPods installation.\nEOM\n    exit 1\nfi\n";
			showEnvVarsInLog = 0;
		};
		FD72698BD52E36CC875E1362 /* Copy Pods Resources */ = {
			isa = PBXShellScriptBuildPhase;
			buildActionMask = 2147483647;
			files = (
			);
			inputPaths = (
			);
			name = "Copy Pods Resources";
			outputPaths = (
			);
			runOnlyForDeploymentPostprocessing = 0;
			shellPath = /bin/sh;
			shellScript = "\"${SRCROOT}/Pods/Target Support Files/Pods/Pods-resources.sh\"\n";
			showEnvVarsInLog = 0;
		};
/* End PBXShellScriptBuildPhase section */

/* Begin PBXSourcesBuildPhase section */
		89CC527B1CD09A41000DD52A /* Sources */ = {
			isa = PBXSourcesBuildPhase;
			buildActionMask = 2147483647;
			files = (
				890CF9291E1CFD12005AAD28 /* SDWebImageDownloaderOperation.m in Sources */,
				890CF92F1E1CFD12005AAD28 /* UIImage+WebP.m in Sources */,
				890CF92B1E1CFD12005AAD28 /* SDWebImagePrefetcher.m in Sources */,
				89E710BC1CE31A87003F1C15 /* ETRootNavigationController.m in Sources */,
				890CF9251E1CFD12005AAD28 /* SDImageCache.m in Sources */,
				890CF92A1E1CFD12005AAD28 /* SDWebImageManager.m in Sources */,
				89E710D31CE33C95003F1C15 /* HMSegmentedControl.m in Sources */,
				89CC528A1CD09A41000DD52A /* ViewController.m in Sources */,
				3D4391511CE375D6004D6D78 /* SVHTTPClient.m in Sources */,
				89B430091D06ACEE0029DEF8 /* JVFloatLabeledTextView.m in Sources */,
				890CF9321E1CFD12005AAD28 /* UIView+WebCacheOperation.m in Sources */,
				89E710B41CE2E2D0003F1C15 /* DEMO2_VC.m in Sources */,
				890CF9261E1CFD12005AAD28 /* SDWebImageCompat.m in Sources */,
				89E710AA1CE2CBF9003F1C15 /* SVRadialGradientLayer.m in Sources */,
				89E710B11CE2DB13003F1C15 /* RootViewController.m in Sources */,
				890CF9271E1CFD12005AAD28 /* SDWebImageDecoder.m in Sources */,
				89CC52871CD09A41000DD52A /* ETAppDelegate.m in Sources */,
				3D4391641CE38711004D6D78 /* DEMO6_VC.m in Sources */,
				89E710A91CE2CBF9003F1C15 /* SVProgressHUD.m in Sources */,
				890CF9301E1CFD12005AAD28 /* UIImageView+HighlightedWebCache.m in Sources */,
				89B430001D06AC6F0029DEF8 /* DEMO9_VC.m in Sources */,
				89E710C51CE32708003F1C15 /* UIColor+Extend.m in Sources */,
				89CC52841CD09A41000DD52A /* main.m in Sources */,
				89E710CC1CE329E2003F1C15 /* DEMO3_VC.m in Sources */,
				3D43915F1CE3769C004D6D78 /* SVHTTPClient+KnowETao.m in Sources */,
				890CF92E1E1CFD12005AAD28 /* UIImage+MultiFormat.m in Sources */,
				89E710AE1CE2DA87003F1C15 /* DEMO1_VC.m in Sources */,
				890CF9231E1CFD12005AAD28 /* MKAnnotationView+WebCache.m in Sources */,
				890CF9241E1CFD12005AAD28 /* NSData+ImageContentType.m in Sources */,
				890CF92C1E1CFD12005AAD28 /* UIButton+WebCache.m in Sources */,
				890CF9311E1CFD12005AAD28 /* UIImageView+WebCache.m in Sources */,
				3D43914B1CE3690E004D6D78 /* DEMO5_VC.m in Sources */,
				89E710A71CE2CBF9003F1C15 /* SVIndefiniteAnimatedView.m in Sources */,
				890CF92D1E1CFD12005AAD28 /* UIImage+GIF.m in Sources */,
				890CF9821E1DEA77005AAD28 /* NSString+Extend.m in Sources */,
				890CF9281E1CFD12005AAD28 /* SDWebImageDownloader.m in Sources */,
				89B4300A1D06ACEE0029DEF8 /* NSString+TextDirectionality.m in Sources */,
				3D89BF3E1CEA07A2009007D5 /* DEMO7_VC.m in Sources */,
				89E710CF1CE335B3003F1C15 /* DEMO4_VC.m in Sources */,
				3D4391521CE375D6004D6D78 /* SVHTTPRequest.m in Sources */,
				89E710C01CE31ACB003F1C15 /* ETRootViewController.m in Sources */,
				89B430081D06ACEE0029DEF8 /* JVFloatLabeledTextField.m in Sources */,
				89E710C91CE3278C003F1C15 /* UIImage+Color.m in Sources */,
			);
			runOnlyForDeploymentPostprocessing = 0;
		};
		89CC52941CD09A41000DD52A /* Sources */ = {
			isa = PBXSourcesBuildPhase;
			buildActionMask = 2147483647;
			files = (
				89CC529D1CD09A41000DD52A /* MasonryTests.m in Sources */,
			);
			runOnlyForDeploymentPostprocessing = 0;
		};
		89CC529F1CD09A41000DD52A /* Sources */ = {
			isa = PBXSourcesBuildPhase;
			buildActionMask = 2147483647;
			files = (
				89CC52A81CD09A41000DD52A /* MasonryUITests.m in Sources */,
			);
			runOnlyForDeploymentPostprocessing = 0;
		};
/* End PBXSourcesBuildPhase section */

/* Begin PBXTargetDependency section */
		89CC529A1CD09A41000DD52A /* PBXTargetDependency */ = {
			isa = PBXTargetDependency;
			target = 89CC527E1CD09A41000DD52A /* Masonry */;
			targetProxy = 89CC52991CD09A41000DD52A /* PBXContainerItemProxy */;
		};
		89CC52A51CD09A41000DD52A /* PBXTargetDependency */ = {
			isa = PBXTargetDependency;
			target = 89CC527E1CD09A41000DD52A /* Masonry */;
			targetProxy = 89CC52A41CD09A41000DD52A /* PBXContainerItemProxy */;
		};
/* End PBXTargetDependency section */

/* Begin XCBuildConfiguration section */
		89CC52AA1CD09A41000DD52A /* Debug */ = {
			isa = XCBuildConfiguration;
			buildSettings = {
				ALWAYS_SEARCH_USER_PATHS = NO;
				CLANG_CXX_LANGUAGE_STANDARD = "gnu++0x";
				CLANG_CXX_LIBRARY = "libc++";
				CLANG_ENABLE_MODULES = YES;
				CLANG_ENABLE_OBJC_ARC = YES;
				CLANG_WARN_BOOL_CONVERSION = YES;
				CLANG_WARN_CONSTANT_CONVERSION = YES;
				CLANG_WARN_DIRECT_OBJC_ISA_USAGE = YES_ERROR;
				CLANG_WARN_EMPTY_BODY = YES;
				CLANG_WARN_ENUM_CONVERSION = YES;
				CLANG_WARN_INT_CONVERSION = YES;
				CLANG_WARN_OBJC_ROOT_CLASS = YES_ERROR;
				CLANG_WARN_UNREACHABLE_CODE = YES;
				CLANG_WARN__DUPLICATE_METHOD_MATCH = YES;
				"CODE_SIGN_IDENTITY[sdk=iphoneos*]" = "iPhone Developer";
				COPY_PHASE_STRIP = NO;
				DEBUG_INFORMATION_FORMAT = dwarf;
				ENABLE_STRICT_OBJC_MSGSEND = YES;
				ENABLE_TESTABILITY = YES;
				GCC_C_LANGUAGE_STANDARD = gnu99;
				GCC_DYNAMIC_NO_PIC = NO;
				GCC_NO_COMMON_BLOCKS = YES;
				GCC_OPTIMIZATION_LEVEL = 0;
				GCC_PREPROCESSOR_DEFINITIONS = (
					"DEBUG=1",
					"$(inherited)",
				);
				GCC_WARN_64_TO_32_BIT_CONVERSION = YES;
				GCC_WARN_ABOUT_RETURN_TYPE = YES_ERROR;
				GCC_WARN_UNDECLARED_SELECTOR = YES;
				GCC_WARN_UNINITIALIZED_AUTOS = YES_AGGRESSIVE;
				GCC_WARN_UNUSED_FUNCTION = YES;
				GCC_WARN_UNUSED_VARIABLE = YES;
				IPHONEOS_DEPLOYMENT_TARGET = 9.1;
				MTL_ENABLE_DEBUG_INFO = YES;
				ONLY_ACTIVE_ARCH = YES;
				SDKROOT = iphoneos;
				TARGETED_DEVICE_FAMILY = "1,2";
			};
			name = Debug;
		};
		89CC52AB1CD09A41000DD52A /* Release */ = {
			isa = XCBuildConfiguration;
			buildSettings = {
				ALWAYS_SEARCH_USER_PATHS = NO;
				CLANG_CXX_LANGUAGE_STANDARD = "gnu++0x";
				CLANG_CXX_LIBRARY = "libc++";
				CLANG_ENABLE_MODULES = YES;
				CLANG_ENABLE_OBJC_ARC = YES;
				CLANG_WARN_BOOL_CONVERSION = YES;
				CLANG_WARN_CONSTANT_CONVERSION = YES;
				CLANG_WARN_DIRECT_OBJC_ISA_USAGE = YES_ERROR;
				CLANG_WARN_EMPTY_BODY = YES;
				CLANG_WARN_ENUM_CONVERSION = YES;
				CLANG_WARN_INT_CONVERSION = YES;
				CLANG_WARN_OBJC_ROOT_CLASS = YES_ERROR;
				CLANG_WARN_UNREACHABLE_CODE = YES;
				CLANG_WARN__DUPLICATE_METHOD_MATCH = YES;
				"CODE_SIGN_IDENTITY[sdk=iphoneos*]" = "iPhone Developer";
				COPY_PHASE_STRIP = NO;
				DEBUG_INFORMATION_FORMAT = "dwarf-with-dsym";
				ENABLE_NS_ASSERTIONS = NO;
				ENABLE_STRICT_OBJC_MSGSEND = YES;
				GCC_C_LANGUAGE_STANDARD = gnu99;
				GCC_NO_COMMON_BLOCKS = YES;
				GCC_WARN_64_TO_32_BIT_CONVERSION = YES;
				GCC_WARN_ABOUT_RETURN_TYPE = YES_ERROR;
				GCC_WARN_UNDECLARED_SELECTOR = YES;
				GCC_WARN_UNINITIALIZED_AUTOS = YES_AGGRESSIVE;
				GCC_WARN_UNUSED_FUNCTION = YES;
				GCC_WARN_UNUSED_VARIABLE = YES;
				IPHONEOS_DEPLOYMENT_TARGET = 9.1;
				MTL_ENABLE_DEBUG_INFO = NO;
				SDKROOT = iphoneos;
				TARGETED_DEVICE_FAMILY = "1,2";
				VALIDATE_PRODUCT = YES;
			};
			name = Release;
		};
		89CC52AD1CD09A41000DD52A /* Debug */ = {
			isa = XCBuildConfiguration;
			baseConfigurationReference = 8899F9D31B98FC2C4720FC9E /* Pods.debug.xcconfig */;
			buildSettings = {
				ASSETCATALOG_COMPILER_APPICON_NAME = AppIcon;
				CODE_SIGN_IDENTITY = "iPhone Developer";
				GCC_INCREASE_PRECOMPILED_HEADER_SHARING = YES;
				GCC_PREFIX_HEADER = "$(SRCROOT)/Masonry/PrefixHeader.pch";
				INFOPLIST_FILE = Masonry/Info.plist;
				IPHONEOS_DEPLOYMENT_TARGET = 8.1;
				LD_RUNPATH_SEARCH_PATHS = "$(inherited) @executable_path/Frameworks";
				PRODUCT_BUNDLE_IDENTIFIER = com.LMJ.MM;
				PRODUCT_NAME = "$(TARGET_NAME)";
			};
			name = Debug;
		};
		89CC52AE1CD09A41000DD52A /* Release */ = {
			isa = XCBuildConfiguration;
			baseConfigurationReference = AF50BCCD7803BC16DD493402 /* Pods.release.xcconfig */;
			buildSettings = {
				ASSETCATALOG_COMPILER_APPICON_NAME = AppIcon;
				CODE_SIGN_IDENTITY = "iPhone Developer";
				GCC_INCREASE_PRECOMPILED_HEADER_SHARING = YES;
				GCC_PREFIX_HEADER = "$(SRCROOT)/Masonry/PrefixHeader.pch";
				INFOPLIST_FILE = Masonry/Info.plist;
				IPHONEOS_DEPLOYMENT_TARGET = 8.1;
				LD_RUNPATH_SEARCH_PATHS = "$(inherited) @executable_path/Frameworks";
				PRODUCT_BUNDLE_IDENTIFIER = com.LMJ.MM;
				PRODUCT_NAME = "$(TARGET_NAME)";
			};
			name = Release;
		};
		89CC52B01CD09A41000DD52A /* Debug */ = {
			isa = XCBuildConfiguration;
			buildSettings = {
				BUNDLE_LOADER = "$(TEST_HOST)";
				INFOPLIST_FILE = MasonryTests/Info.plist;
				LD_RUNPATH_SEARCH_PATHS = "$(inherited) @executable_path/Frameworks @loader_path/Frameworks";
				PRODUCT_BUNDLE_IDENTIFIER = com.LMJ.MasonryTests;
				PRODUCT_NAME = "$(TARGET_NAME)";
				TEST_HOST = "$(BUILT_PRODUCTS_DIR)/Masonry.app/Masonry";
			};
			name = Debug;
		};
		89CC52B11CD09A41000DD52A /* Release */ = {
			isa = XCBuildConfiguration;
			buildSettings = {
				BUNDLE_LOADER = "$(TEST_HOST)";
				INFOPLIST_FILE = MasonryTests/Info.plist;
				LD_RUNPATH_SEARCH_PATHS = "$(inherited) @executable_path/Frameworks @loader_path/Frameworks";
				PRODUCT_BUNDLE_IDENTIFIER = com.LMJ.MasonryTests;
				PRODUCT_NAME = "$(TARGET_NAME)";
				TEST_HOST = "$(BUILT_PRODUCTS_DIR)/Masonry.app/Masonry";
			};
			name = Release;
		};
		89CC52B31CD09A41000DD52A /* Debug */ = {
			isa = XCBuildConfiguration;
			buildSettings = {
				INFOPLIST_FILE = MasonryUITests/Info.plist;
				LD_RUNPATH_SEARCH_PATHS = "$(inherited) @executable_path/Frameworks @loader_path/Frameworks";
				PRODUCT_BUNDLE_IDENTIFIER = com.LMJ.MasonryUITests;
				PRODUCT_NAME = "$(TARGET_NAME)";
				TEST_TARGET_NAME = Masonry;
				USES_XCTRUNNER = YES;
			};
			name = Debug;
		};
		89CC52B41CD09A41000DD52A /* Release */ = {
			isa = XCBuildConfiguration;
			buildSettings = {
				INFOPLIST_FILE = MasonryUITests/Info.plist;
				LD_RUNPATH_SEARCH_PATHS = "$(inherited) @executable_path/Frameworks @loader_path/Frameworks";
				PRODUCT_BUNDLE_IDENTIFIER = com.LMJ.MasonryUITests;
				PRODUCT_NAME = "$(TARGET_NAME)";
				TEST_TARGET_NAME = Masonry;
				USES_XCTRUNNER = YES;
			};
			name = Release;
		};
/* End XCBuildConfiguration section */

/* Begin XCConfigurationList section */
		89CC527A1CD09A41000DD52A /* Build configuration list for PBXProject "Masonry" */ = {
			isa = XCConfigurationList;
			buildConfigurations = (
				89CC52AA1CD09A41000DD52A /* Debug */,
				89CC52AB1CD09A41000DD52A /* Release */,
			);
			defaultConfigurationIsVisible = 0;
			defaultConfigurationName = Release;
		};
		89CC52AC1CD09A41000DD52A /* Build configuration list for PBXNativeTarget "Masonry" */ = {
			isa = XCConfigurationList;
			buildConfigurations = (
				89CC52AD1CD09A41000DD52A /* Debug */,
				89CC52AE1CD09A41000DD52A /* Release */,
			);
			defaultConfigurationIsVisible = 0;
			defaultConfigurationName = Release;
		};
		89CC52AF1CD09A41000DD52A /* Build configuration list for PBXNativeTarget "MasonryTests" */ = {
			isa = XCConfigurationList;
			buildConfigurations = (
				89CC52B01CD09A41000DD52A /* Debug */,
				89CC52B11CD09A41000DD52A /* Release */,
			);
			defaultConfigurationIsVisible = 0;
			defaultConfigurationName = Release;
		};
		89CC52B21CD09A41000DD52A /* Build configuration list for PBXNativeTarget "MasonryUITests" */ = {
			isa = XCConfigurationList;
			buildConfigurations = (
				89CC52B31CD09A41000DD52A /* Debug */,
				89CC52B41CD09A41000DD52A /* Release */,
			);
			defaultConfigurationIsVisible = 0;
			defaultConfigurationName = Release;
		};
/* End XCConfigurationList section */
	};
	rootObject = 89CC52771CD09A41000DD52A /* Project object */;
}
